{
  "originHash" : "c22a4de0e757159ea554d8b20fa14dbad4974e704bcbb942110bb0725060b1dc",
  "pins" : [
    {
      "identity" : "snap-core",
      "kind" : "remoteSourceControl",
      "location" : "https://github.com/simonnickel/snap-core.git",
      "state" : {
        "branch" : "main",
        "revision" : "b8413c8690602e060adee1cfd3f9c5fb15137b43"
      }
    },
    {
      "identity" : "snap-foundation",
      "kind" : "remoteSourceControl",
      "location" : "https://github.com/simonnickel/snap-foundation.git",
      "state" : {
        "branch" : "main",
        "revision" : "0b17c1a2b91dfd4a732f123778f63cc9aa398b8e"
      }
    }
  ],
  "version" : 3
}
