{
  "originHash" : "16d11e240fb976911b3467027b5f06c9fe5d08f15360194021665507ef69b54c",
  "pins" : [
    {
      "identity" : "snap-core",
      "kind" : "remoteSourceControl",
      "location" : "https://github.com/simonnickel/snap-core.git",
      "state" : {
        "branch" : "main",
        "revision" : "e74f918b2748d8c87dad444f265052b8f85563e6"
      }
    },
    {
      "identity" : "snap-foundation",
      "kind" : "remoteSourceControl",
      "location" : "https://github.com/simonnickel/snap-foundation.git",
      "state" : {
        "branch" : "main",
        "revision" : "d686e15159df2cae32ff81389024bbfbb7b62cd5"
      }
    }
  ],
  "version" : 3
}
