{
  "originHash" : "2e83c536eef727c0b64bd2ae11a89f737ddcac8bfebad53f443268d26846b424",
  "pins" : [
    {
      "identity" : "snap-core",
      "kind" : "remoteSourceControl",
      "location" : "https://github.com/simonnickel/snap-core.git",
      "state" : {
        "branch" : "main",
        "revision" : "3b0e3b35e441151582220237cbfc2135f898a42d"
      }
    },
    {
      "identity" : "snap-foundation",
      "kind" : "remoteSourceControl",
      "location" : "https://github.com/simonnickel/snap-foundation.git",
      "state" : {
        "branch" : "main",
        "revision" : "6faf393b1c799062db464e9108208b52a538619c"
      }
    }
  ],
  "version" : 3
}
