{
  "originHash" : "2e83c536eef727c0b64bd2ae11a89f737ddcac8bfebad53f443268d26846b424",
  "pins" : [
    {
      "identity" : "snap-core",
      "kind" : "remoteSourceControl",
      "location" : "https://github.com/simonnickel/snap-core.git",
      "state" : {
        "branch" : "main",
        "revision" : "11e1cf4f4bc5d68b8e54a2ed7f7102ceff3ecffe"
      }
    },
    {
      "identity" : "snap-foundation",
      "kind" : "remoteSourceControl",
      "location" : "https://github.com/simonnickel/snap-foundation.git",
      "state" : {
        "branch" : "main",
        "revision" : "04929cb99ce8d552e61d7a5cb9cc65375fddd063"
      }
    }
  ],
  "version" : 3
}
