{
  "originHash" : "77ab0c71e3f83a825b63a4d55b2495206d56378083f50e8ff904c902acb6b5cf",
  "pins" : [
    {
      "identity" : "snap-foundation",
      "kind" : "remoteSourceControl",
      "location" : "https://github.com/simonnickel/snap-foundation.git",
      "state" : {
        "branch" : "main",
        "revision" : "70686e7b95d1e4cd648746f42ba47416e237b9a7"
      }
    }
  ],
  "version" : 3
}
